
Microsoft Visual Studio Solution File, Format Version 12.00
# Visual Studio Version 17
VisualStudioVersion = 17.0.31903.59
MinimumVisualStudioVersion = 10.0.40219.1
Project("{2150E333-8FDC-42A3-9474-1A3956D46DE8}") = "src", "src", "{827E0CD3-B72D-47B6-A68D-7590B98EB39B}"
EndProject
Project("{FAE04EC0-301F-11D3-BF4B-00C04F79EFBC}") = "GasFinder.Api", "src\GasFinder.Api\GasFinder.Api.csproj", "{2EB96631-BB05-485C-BF92-36E7C26A866B}"
EndProject
Project("{FAE04EC0-301F-11D3-BF4B-00C04F79EFBC}") = "GasFinder.Domain", "src\GasFinder.Domain\GasFinder.Domain.csproj", "{6EE65810-225D-4285-8304-8A38840695B1}"
EndProject
Project("{FAE04EC0-301F-11D3-BF4B-00C04F79EFBC}") = "GasFinder.Infrastructure", "src\GasFinder.Infrastructure\GasFinder.Infrastructure.csproj", "{A892AB4D-07EB-4E16-B8C8-68BED088742B}"
EndProject
Project("{FAE04EC0-301F-11D3-BF4B-00C04F79EFBC}") = "GasFinder.Shared", "src\GasFinder.Shared\GasFinder.Shared.csproj", "{706731B5-BCFD-4440-8020-95ABAEA470CF}"
EndProject
Project("{FAE04EC0-301F-11D3-BF4B-00C04F79EFBC}") = "GasFinder.UnitTests", "tests\GasFinder.UnitTests\GasFinder.UnitTests.csproj", "{3031A71A-195C-46E9-84CB-97CA3E0821B3}"
EndProject
Project("{FAE04EC0-301F-11D3-BF4B-00C04F79EFBC}") = "GasFinder.IntegrationTests", "tests\GasFinder.IntegrationTests\GasFinder.IntegrationTests.csproj", "{1386F4F8-1ECB-4DF6-ABDC-6522FCCDAC47}"
EndProject
Global
	GlobalSection(SolutionConfigurationPlatforms) = preSolution
		Debug|Any CPU = Debug|Any CPU
		Debug|x64 = Debug|x64
		Debug|x86 = Debug|x86
		Release|Any CPU = Release|Any CPU
		Release|x64 = Release|x64
		Release|x86 = Release|x86
	EndGlobalSection
	GlobalSection(ProjectConfigurationPlatforms) = postSolution
		{2EB96631-BB05-485C-BF92-36E7C26A866B}.Debug|Any CPU.ActiveCfg = Debug|Any CPU
		{2EB96631-BB05-485C-BF92-36E7C26A866B}.Debug|Any CPU.Build.0 = Debug|Any CPU
		{2EB96631-BB05-485C-BF92-36E7C26A866B}.Debug|x64.ActiveCfg = Debug|Any CPU
		{2EB96631-BB05-485C-BF92-36E7C26A866B}.Debug|x64.Build.0 = Debug|Any CPU
		{2EB96631-BB05-485C-BF92-36E7C26A866B}.Debug|x86.ActiveCfg = Debug|Any CPU
		{2EB96631-BB05-485C-BF92-36E7C26A866B}.Debug|x86.Build.0 = Debug|Any CPU
		{2EB96631-BB05-485C-BF92-36E7C26A866B}.Release|Any CPU.ActiveCfg = Release|Any CPU
		{2EB96631-BB05-485C-BF92-36E7C26A866B}.Release|Any CPU.Build.0 = Release|Any CPU
		{2EB96631-BB05-485C-BF92-36E7C26A866B}.Release|x64.ActiveCfg = Release|Any CPU
		{2EB96631-BB05-485C-BF92-36E7C26A866B}.Release|x64.Build.0 = Release|Any CPU
		{2EB96631-BB05-485C-BF92-36E7C26A866B}.Release|x86.ActiveCfg = Release|Any CPU
		{2EB96631-BB05-485C-BF92-36E7C26A866B}.Release|x86.Build.0 = Release|Any CPU
		{6EE65810-225D-4285-8304-8A38840695B1}.Debug|Any CPU.ActiveCfg = Debug|Any CPU
		{6EE65810-225D-4285-8304-8A38840695B1}.Debug|Any CPU.Build.0 = Debug|Any CPU
		{6EE65810-225D-4285-8304-8A38840695B1}.Debug|x64.ActiveCfg = Debug|Any CPU
		{6EE65810-225D-4285-8304-8A38840695B1}.Debug|x64.Build.0 = Debug|Any CPU
		{6EE65810-225D-4285-8304-8A38840695B1}.Debug|x86.ActiveCfg = Debug|Any CPU
		{6EE65810-225D-4285-8304-8A38840695B1}.Debug|x86.Build.0 = Debug|Any CPU
		{6EE65810-225D-4285-8304-8A38840695B1}.Release|Any CPU.ActiveCfg = Release|Any CPU
		{6EE65810-225D-4285-8304-8A38840695B1}.Release|Any CPU.Build.0 = Release|Any CPU
		{6EE65810-225D-4285-8304-8A38840695B1}.Release|x64.ActiveCfg = Release|Any CPU
		{6EE65810-225D-4285-8304-8A38840695B1}.Release|x64.Build.0 = Release|Any CPU
		{6EE65810-225D-4285-8304-8A38840695B1}.Release|x86.ActiveCfg = Release|Any CPU
		{6EE65810-225D-4285-8304-8A38840695B1}.Release|x86.Build.0 = Release|Any CPU
		{A892AB4D-07EB-4E16-B8C8-68BED088742B}.Debug|Any CPU.ActiveCfg = Debug|Any CPU
		{A892AB4D-07EB-4E16-B8C8-68BED088742B}.Debug|Any CPU.Build.0 = Debug|Any CPU
		{A892AB4D-07EB-4E16-B8C8-68BED088742B}.Debug|x64.ActiveCfg = Debug|Any CPU
		{A892AB4D-07EB-4E16-B8C8-68BED088742B}.Debug|x64.Build.0 = Debug|Any CPU
		{A892AB4D-07EB-4E16-B8C8-68BED088742B}.Debug|x86.ActiveCfg = Debug|Any CPU
		{A892AB4D-07EB-4E16-B8C8-68BED088742B}.Debug|x86.Build.0 = Debug|Any CPU
		{A892AB4D-07EB-4E16-B8C8-68BED088742B}.Release|Any CPU.ActiveCfg = Release|Any CPU
		{A892AB4D-07EB-4E16-B8C8-68BED088742B}.Release|Any CPU.Build.0 = Release|Any CPU
		{A892AB4D-07EB-4E16-B8C8-68BED088742B}.Release|x64.ActiveCfg = Release|Any CPU
		{A892AB4D-07EB-4E16-B8C8-68BED088742B}.Release|x64.Build.0 = Release|Any CPU
		{A892AB4D-07EB-4E16-B8C8-68BED088742B}.Release|x86.ActiveCfg = Release|Any CPU
		{A892AB4D-07EB-4E16-B8C8-68BED088742B}.Release|x86.Build.0 = Release|Any CPU
		{706731B5-BCFD-4440-8020-95ABAEA470CF}.Debug|Any CPU.ActiveCfg = Debug|Any CPU
		{706731B5-BCFD-4440-8020-95ABAEA470CF}.Debug|Any CPU.Build.0 = Debug|Any CPU
		{706731B5-BCFD-4440-8020-95ABAEA470CF}.Debug|x64.ActiveCfg = Debug|Any CPU
		{706731B5-BCFD-4440-8020-95ABAEA470CF}.Debug|x64.Build.0 = Debug|Any CPU
		{706731B5-BCFD-4440-8020-95ABAEA470CF}.Debug|x86.ActiveCfg = Debug|Any CPU
		{706731B5-BCFD-4440-8020-95ABAEA470CF}.Debug|x86.Build.0 = Debug|Any CPU
		{706731B5-BCFD-4440-8020-95ABAEA470CF}.Release|Any CPU.ActiveCfg = Release|Any CPU
		{706731B5-BCFD-4440-8020-95ABAEA470CF}.Release|Any CPU.Build.0 = Release|Any CPU
		{706731B5-BCFD-4440-8020-95ABAEA470CF}.Release|x64.ActiveCfg = Release|Any CPU
		{706731B5-BCFD-4440-8020-95ABAEA470CF}.Release|x64.Build.0 = Release|Any CPU
		{706731B5-BCFD-4440-8020-95ABAEA470CF}.Release|x86.ActiveCfg = Release|Any CPU
		{706731B5-BCFD-4440-8020-95ABAEA470CF}.Release|x86.Build.0 = Release|Any CPU
		{3031A71A-195C-46E9-84CB-97CA3E0821B3}.Debug|Any CPU.ActiveCfg = Debug|Any CPU
		{3031A71A-195C-46E9-84CB-97CA3E0821B3}.Debug|Any CPU.Build.0 = Debug|Any CPU
		{3031A71A-195C-46E9-84CB-97CA3E0821B3}.Debug|x64.ActiveCfg = Debug|Any CPU
		{3031A71A-195C-46E9-84CB-97CA3E0821B3}.Debug|x64.Build.0 = Debug|Any CPU
		{3031A71A-195C-46E9-84CB-97CA3E0821B3}.Debug|x86.ActiveCfg = Debug|Any CPU
		{3031A71A-195C-46E9-84CB-97CA3E0821B3}.Debug|x86.Build.0 = Debug|Any CPU
		{3031A71A-195C-46E9-84CB-97CA3E0821B3}.Release|Any CPU.ActiveCfg = Release|Any CPU
		{3031A71A-195C-46E9-84CB-97CA3E0821B3}.Release|Any CPU.Build.0 = Release|Any CPU
		{3031A71A-195C-46E9-84CB-97CA3E0821B3}.Release|x64.ActiveCfg = Release|Any CPU
		{3031A71A-195C-46E9-84CB-97CA3E0821B3}.Release|x64.Build.0 = Release|Any CPU
		{3031A71A-195C-46E9-84CB-97CA3E0821B3}.Release|x86.ActiveCfg = Release|Any CPU
		{3031A71A-195C-46E9-84CB-97CA3E0821B3}.Release|x86.Build.0 = Release|Any CPU
		{1386F4F8-1ECB-4DF6-ABDC-6522FCCDAC47}.Debug|Any CPU.ActiveCfg = Debug|Any CPU
		{1386F4F8-1ECB-4DF6-ABDC-6522FCCDAC47}.Debug|Any CPU.Build.0 = Debug|Any CPU
		{1386F4F8-1ECB-4DF6-ABDC-6522FCCDAC47}.Debug|x64.ActiveCfg = Debug|Any CPU
		{1386F4F8-1ECB-4DF6-ABDC-6522FCCDAC47}.Debug|x64.Build.0 = Debug|Any CPU
		{1386F4F8-1ECB-4DF6-ABDC-6522FCCDAC47}.Debug|x86.ActiveCfg = Debug|Any CPU
		{1386F4F8-1ECB-4DF6-ABDC-6522FCCDAC47}.Debug|x86.Build.0 = Debug|Any CPU
		{1386F4F8-1ECB-4DF6-ABDC-6522FCCDAC47}.Release|Any CPU.ActiveCfg = Release|Any CPU
		{1386F4F8-1ECB-4DF6-ABDC-6522FCCDAC47}.Release|Any CPU.Build.0 = Release|Any CPU
		{1386F4F8-1ECB-4DF6-ABDC-6522FCCDAC47}.Release|x64.ActiveCfg = Release|Any CPU
		{1386F4F8-1ECB-4DF6-ABDC-6522FCCDAC47}.Release|x64.Build.0 = Release|Any CPU
		{1386F4F8-1ECB-4DF6-ABDC-6522FCCDAC47}.Release|x86.ActiveCfg = Release|Any CPU
		{1386F4F8-1ECB-4DF6-ABDC-6522FCCDAC47}.Release|x86.Build.0 = Release|Any CPU
	EndGlobalSection
	GlobalSection(SolutionProperties) = preSolution
		HideSolutionNode = FALSE
	EndGlobalSection
	GlobalSection(NestedProjects) = preSolution
		{2EB96631-BB05-485C-BF92-36E7C26A866B} = {827E0CD3-B72D-47B6-A68D-7590B98EB39B}
		{6EE65810-225D-4285-8304-8A38840695B1} = {827E0CD3-B72D-47B6-A68D-7590B98EB39B}
		{A892AB4D-07EB-4E16-B8C8-68BED088742B} = {827E0CD3-B72D-47B6-A68D-7590B98EB39B}
		{706731B5-BCFD-4440-8020-95ABAEA470CF} = {827E0CD3-B72D-47B6-A68D-7590B98EB39B}
		{3031A71A-195C-46E9-84CB-97CA3E0821B3} = {827E0CD3-B72D-47B6-A68D-7590B98EB39B}
		{1386F4F8-1ECB-4DF6-ABDC-6522FCCDAC47} = {827E0CD3-B72D-47B6-A68D-7590B98EB39B}
	EndGlobalSection
EndGlobal
